
Microsoft Visual Studio Solution File, Format Version 12.00
# Visual Studio Version 17
VisualStudioVersion = 17.0.31903.59
MinimumVisualStudioVersion = 10.0.40219.1
Project("{FAE04EC0-301F-11D3-BF4B-00C04F79EFBC}") = "StoreApp", "StoreApp\StoreApp.csproj", "{E3BE385D-D7B7-4B26-9399-9AD34FBD44E0}"
EndProject
Project("{FAE04EC0-301F-11D3-BF4B-00C04F79EFBC}") = "Entities", "Entities\Entities.csproj", "{E0F5B57B-BA64-47EA-B0A8-EACCC69BEFEE}"
EndProject
Project("{FAE04EC0-301F-11D3-BF4B-00C04F79EFBC}") = "Repositories", "Repositories\Repositories.csproj", "{B41B36C2-C244-4BD1-8DBA-EEBBCCEF3DC7}"
EndProject
Project("{FAE04EC0-301F-11D3-BF4B-00C04F79EFBC}") = "Services", "Services\Services.csproj", "{74760075-D1FC-4B19-874E-7D27BFACFAE9}"
EndProject
Project("{FAE04EC0-301F-11D3-BF4B-00C04F79EFBC}") = "Presentation", "Presentation\Presentation.csproj", "{835E09A6-AACE-4FD1-BDD6-90CD2231E5A8}"
EndProject
Global
	GlobalSection(SolutionConfigurationPlatforms) = preSolution
		Debug|Any CPU = Debug|Any CPU
		Release|Any CPU = Release|Any CPU
	EndGlobalSection
	GlobalSection(SolutionProperties) = preSolution
		HideSolutionNode = FALSE
	EndGlobalSection
	GlobalSection(ProjectConfigurationPlatforms) = postSolution
		{E3BE385D-D7B7-4B26-9399-9AD34FBD44E0}.Debug|Any CPU.ActiveCfg = Debug|Any CPU
		{E3BE385D-D7B7-4B26-9399-9AD34FBD44E0}.Debug|Any CPU.Build.0 = Debug|Any CPU
		{E3BE385D-D7B7-4B26-9399-9AD34FBD44E0}.Release|Any CPU.ActiveCfg = Release|Any CPU
		{E3BE385D-D7B7-4B26-9399-9AD34FBD44E0}.Release|Any CPU.Build.0 = Release|Any CPU
		{E0F5B57B-BA64-47EA-B0A8-EACCC69BEFEE}.Debug|Any CPU.ActiveCfg = Debug|Any CPU
		{E0F5B57B-BA64-47EA-B0A8-EACCC69BEFEE}.Debug|Any CPU.Build.0 = Debug|Any CPU
		{E0F5B57B-BA64-47EA-B0A8-EACCC69BEFEE}.Release|Any CPU.ActiveCfg = Release|Any CPU
		{E0F5B57B-BA64-47EA-B0A8-EACCC69BEFEE}.Release|Any CPU.Build.0 = Release|Any CPU
		{B41B36C2-C244-4BD1-8DBA-EEBBCCEF3DC7}.Debug|Any CPU.ActiveCfg = Debug|Any CPU
		{B41B36C2-C244-4BD1-8DBA-EEBBCCEF3DC7}.Debug|Any CPU.Build.0 = Debug|Any CPU
		{B41B36C2-C244-4BD1-8DBA-EEBBCCEF3DC7}.Release|Any CPU.ActiveCfg = Release|Any CPU
		{B41B36C2-C244-4BD1-8DBA-EEBBCCEF3DC7}.Release|Any CPU.Build.0 = Release|Any CPU
		{74760075-D1FC-4B19-874E-7D27BFACFAE9}.Debug|Any CPU.ActiveCfg = Debug|Any CPU
		{74760075-D1FC-4B19-874E-7D27BFACFAE9}.Debug|Any CPU.Build.0 = Debug|Any CPU
		{74760075-D1FC-4B19-874E-7D27BFACFAE9}.Release|Any CPU.ActiveCfg = Release|Any CPU
		{74760075-D1FC-4B19-874E-7D27BFACFAE9}.Release|Any CPU.Build.0 = Release|Any CPU
		{835E09A6-AACE-4FD1-BDD6-90CD2231E5A8}.Debug|Any CPU.ActiveCfg = Debug|Any CPU
		{835E09A6-AACE-4FD1-BDD6-90CD2231E5A8}.Debug|Any CPU.Build.0 = Debug|Any CPU
		{835E09A6-AACE-4FD1-BDD6-90CD2231E5A8}.Release|Any CPU.ActiveCfg = Release|Any CPU
		{835E09A6-AACE-4FD1-BDD6-90CD2231E5A8}.Release|Any CPU.Build.0 = Release|Any CPU
	EndGlobalSection
EndGlobal
